
Microsoft Visual Studio Solution File, Format Version 12.00
# Visual Studio Version 16
VisualStudioVersion = 16.0.32901.82
MinimumVisualStudioVersion = 10.0.40219.1
Project("{FAE04EC0-301F-11D3-BF4B-00C04F79EFBC}") = "dopZadanie1", "dopZadanie1.csproj", "{2594D628-10FD-4B8F-913B-3EB434D1DC47}"
EndProject
Global
	GlobalSection(SolutionConfigurationPlatforms) = preSolution
		Debug|Any CPU = Debug|Any CPU
		Release|Any CPU = Release|Any CPU
	EndGlobalSection
	GlobalSection(ProjectConfigurationPlatforms) = postSolution
		{2594D628-10FD-4B8F-913B-3EB434D1DC47}.Debug|Any CPU.ActiveCfg = Debug|Any CPU
		{2594D628-10FD-4B8F-913B-3EB434D1DC47}.Debug|Any CPU.Build.0 = Debug|Any CPU
		{2594D628-10FD-4B8F-913B-3EB434D1DC47}.Release|Any CPU.ActiveCfg = Release|Any CPU
		{2594D628-10FD-4B8F-913B-3EB434D1DC47}.Release|Any CPU.Build.0 = Release|Any CPU
	EndGlobalSection
	GlobalSection(SolutionProperties) = preSolution
		HideSolutionNode = FALSE
	EndGlobalSection
	GlobalSection(ExtensibilityGlobals) = postSolution
		SolutionGuid = {6BB8436D-E456-4F50-9E86-731FDC7BF0ED}
	EndGlobalSection
EndGlobal
